
Microsoft Visual Studio Solution File, Format Version 12.00
# Visual Studio 15
VisualStudioVersion = 15.0.28307.902
MinimumVisualStudioVersion = 10.0.40219.1
Project("{FAE04EC0-301F-11D3-BF4B-00C04F79EFBC}") = "WcfClientForm", "WcfClientForm\WcfClientForm.csproj", "{B2459BE0-30B7-4A6B-A187-A50606A04CDB}"
EndProject
Project("{FAE04EC0-301F-11D3-BF4B-00C04F79EFBC}") = "WcfServerForm", "WcfServerForm\WcfServerForm.csproj", "{989E70BC-BEA4-44D1-8E56-F9BE9C312F2E}"
EndProject
Project("{FAE04EC0-301F-11D3-BF4B-00C04F79EFBC}") = "ScodixServiceClient", "ScodixServiceClient\ScodixServiceClient.csproj", "{F9E015D4-2747-4BB7-BE4B-B08F9382B9DA}"
EndProject
Project("{FAE04EC0-301F-11D3-BF4B-00C04F79EFBC}") = "ScodixServiceHost", "ScodixServiceHost\ScodixServiceHost.csproj", "{50BFD6A8-227F-43F8-99BD-E705587F506F}"
EndProject
Project("{FAE04EC0-301F-11D3-BF4B-00C04F79EFBC}") = "Scodix.Infra.PressToStudio", "Scodix.PressToStudio\Scodix.Infra.PressToStudio.csproj", "{29B1973F-05A4-457B-BC08-33D9BB0899C3}"
EndProject
Project("{FAE04EC0-301F-11D3-BF4B-00C04F79EFBC}") = "CommonProj", "CommonProj\CommonProj.csproj", "{3E58582F-B88F-4C5B-97C9-7B62957C5820}"
EndProject
Global
	GlobalSection(SolutionConfigurationPlatforms) = preSolution
		Debug|Any CPU = Debug|Any CPU
		Debug|x64 = Debug|x64
		Release|Any CPU = Release|Any CPU
		Release|x64 = Release|x64
	EndGlobalSection
	GlobalSection(ProjectConfigurationPlatforms) = postSolution
		{B2459BE0-30B7-4A6B-A187-A50606A04CDB}.Debug|Any CPU.ActiveCfg = Debug|Any CPU
		{B2459BE0-30B7-4A6B-A187-A50606A04CDB}.Debug|Any CPU.Build.0 = Debug|Any CPU
		{B2459BE0-30B7-4A6B-A187-A50606A04CDB}.Debug|x64.ActiveCfg = Debug|Any CPU
		{B2459BE0-30B7-4A6B-A187-A50606A04CDB}.Debug|x64.Build.0 = Debug|Any CPU
		{B2459BE0-30B7-4A6B-A187-A50606A04CDB}.Release|Any CPU.ActiveCfg = Release|Any CPU
		{B2459BE0-30B7-4A6B-A187-A50606A04CDB}.Release|Any CPU.Build.0 = Release|Any CPU
		{B2459BE0-30B7-4A6B-A187-A50606A04CDB}.Release|x64.ActiveCfg = Release|Any CPU
		{B2459BE0-30B7-4A6B-A187-A50606A04CDB}.Release|x64.Build.0 = Release|Any CPU
		{989E70BC-BEA4-44D1-8E56-F9BE9C312F2E}.Debug|Any CPU.ActiveCfg = Debug|Any CPU
		{989E70BC-BEA4-44D1-8E56-F9BE9C312F2E}.Debug|Any CPU.Build.0 = Debug|Any CPU
		{989E70BC-BEA4-44D1-8E56-F9BE9C312F2E}.Debug|x64.ActiveCfg = Debug|Any CPU
		{989E70BC-BEA4-44D1-8E56-F9BE9C312F2E}.Debug|x64.Build.0 = Debug|Any CPU
		{989E70BC-BEA4-44D1-8E56-F9BE9C312F2E}.Release|Any CPU.ActiveCfg = Release|Any CPU
		{989E70BC-BEA4-44D1-8E56-F9BE9C312F2E}.Release|Any CPU.Build.0 = Release|Any CPU
		{989E70BC-BEA4-44D1-8E56-F9BE9C312F2E}.Release|x64.ActiveCfg = Release|Any CPU
		{989E70BC-BEA4-44D1-8E56-F9BE9C312F2E}.Release|x64.Build.0 = Release|Any CPU
		{F9E015D4-2747-4BB7-BE4B-B08F9382B9DA}.Debug|Any CPU.ActiveCfg = Debug|Any CPU
		{F9E015D4-2747-4BB7-BE4B-B08F9382B9DA}.Debug|Any CPU.Build.0 = Debug|Any CPU
		{F9E015D4-2747-4BB7-BE4B-B08F9382B9DA}.Debug|x64.ActiveCfg = Debug|x64
		{F9E015D4-2747-4BB7-BE4B-B08F9382B9DA}.Debug|x64.Build.0 = Debug|x64
		{F9E015D4-2747-4BB7-BE4B-B08F9382B9DA}.Release|Any CPU.ActiveCfg = Release|Any CPU
		{F9E015D4-2747-4BB7-BE4B-B08F9382B9DA}.Release|Any CPU.Build.0 = Release|Any CPU
		{F9E015D4-2747-4BB7-BE4B-B08F9382B9DA}.Release|x64.ActiveCfg = Release|x64
		{F9E015D4-2747-4BB7-BE4B-B08F9382B9DA}.Release|x64.Build.0 = Release|x64
		{50BFD6A8-227F-43F8-99BD-E705587F506F}.Debug|Any CPU.ActiveCfg = Debug|Any CPU
		{50BFD6A8-227F-43F8-99BD-E705587F506F}.Debug|Any CPU.Build.0 = Debug|Any CPU
		{50BFD6A8-227F-43F8-99BD-E705587F506F}.Debug|x64.ActiveCfg = Debug|x64
		{50BFD6A8-227F-43F8-99BD-E705587F506F}.Debug|x64.Build.0 = Debug|x64
		{50BFD6A8-227F-43F8-99BD-E705587F506F}.Release|Any CPU.ActiveCfg = Release|Any CPU
		{50BFD6A8-227F-43F8-99BD-E705587F506F}.Release|Any CPU.Build.0 = Release|Any CPU
		{50BFD6A8-227F-43F8-99BD-E705587F506F}.Release|x64.ActiveCfg = Release|x64
		{50BFD6A8-227F-43F8-99BD-E705587F506F}.Release|x64.Build.0 = Release|x64
		{29B1973F-05A4-457B-BC08-33D9BB0899C3}.Debug|Any CPU.ActiveCfg = Debug|Any CPU
		{29B1973F-05A4-457B-BC08-33D9BB0899C3}.Debug|Any CPU.Build.0 = Debug|Any CPU
		{29B1973F-05A4-457B-BC08-33D9BB0899C3}.Debug|x64.ActiveCfg = Debug|x64
		{29B1973F-05A4-457B-BC08-33D9BB0899C3}.Debug|x64.Build.0 = Debug|x64
		{29B1973F-05A4-457B-BC08-33D9BB0899C3}.Release|Any CPU.ActiveCfg = Release|Any CPU
		{29B1973F-05A4-457B-BC08-33D9BB0899C3}.Release|Any CPU.Build.0 = Release|Any CPU
		{29B1973F-05A4-457B-BC08-33D9BB0899C3}.Release|x64.ActiveCfg = Release|x64
		{29B1973F-05A4-457B-BC08-33D9BB0899C3}.Release|x64.Build.0 = Release|x64
		{3E58582F-B88F-4C5B-97C9-7B62957C5820}.Debug|Any CPU.ActiveCfg = Debug|Any CPU
		{3E58582F-B88F-4C5B-97C9-7B62957C5820}.Debug|Any CPU.Build.0 = Debug|Any CPU
		{3E58582F-B88F-4C5B-97C9-7B62957C5820}.Debug|x64.ActiveCfg = Debug|Any CPU
		{3E58582F-B88F-4C5B-97C9-7B62957C5820}.Debug|x64.Build.0 = Debug|Any CPU
		{3E58582F-B88F-4C5B-97C9-7B62957C5820}.Release|Any CPU.ActiveCfg = Release|Any CPU
		{3E58582F-B88F-4C5B-97C9-7B62957C5820}.Release|Any CPU.Build.0 = Release|Any CPU
		{3E58582F-B88F-4C5B-97C9-7B62957C5820}.Release|x64.ActiveCfg = Release|Any CPU
		{3E58582F-B88F-4C5B-97C9-7B62957C5820}.Release|x64.Build.0 = Release|Any CPU
	EndGlobalSection
	GlobalSection(SolutionProperties) = preSolution
		HideSolutionNode = FALSE
	EndGlobalSection
	GlobalSection(ExtensibilityGlobals) = postSolution
		SolutionGuid = {E8A6487A-7F09-49CB-961E-C11AF9E94375}
	EndGlobalSection
EndGlobal
